// !$*UTF8*$!
{
	archiveVersion = 1;
	classes = {
	};
	objectVersion = 50;
	objects = {

/* Begin PBXBuildFile section */
		94DCE4CE25D85A140042824B /* AppDelegate.swift in Sources */ = {isa = PBXBuildFile; fileRef = 94DCE4CD25D85A140042824B /* AppDelegate.swift */; };
		94DCE4D025D85A140042824B /* SceneDelegate.swift in Sources */ = {isa = PBXBuildFile; fileRef = 94DCE4CF25D85A140042824B /* SceneDelegate.swift */; };
		94DCE4D225D85A140042824B /* ViewController.swift in Sources */ = {isa = PBXBuildFile; fileRef = 94DCE4D125D85A140042824B /* ViewController.swift */; };
		94DCE4D525D85A140042824B /* Main.storyboard in Resources */ = {isa = PBXBuildFile; fileRef = 94DCE4D325D85A140042824B /* Main.storyboard */; };
		94DCE4D725D85A190042824B /* Assets.xcassets in Resources */ = {isa = PBXBuildFile; fileRef = 94DCE4D625D85A190042824B /* Assets.xcassets */; };
		94DCE4DA25D85A190042824B /* LaunchScreen.storyboard in Resources */ = {isa = PBXBuildFile; fileRef = 94DCE4D825D85A190042824B /* LaunchScreen.storyboard */; };
		94DCE4E525D85A190042824B /* UITable_View_DemoTests.swift in Sources */ = {isa = PBXBuildFile; fileRef = 94DCE4E425D85A190042824B /* UITable_View_DemoTests.swift */; };
		94DCE4F025D85A190042824B /* UITable_View_DemoUITests.swift in Sources */ = {isa = PBXBuildFile; fileRef = 94DCE4EF25D85A190042824B /* UITable_View_DemoUITests.swift */; };
/* End PBXBuildFile section */

/* Begin PBXContainerItemProxy section */
		94DCE4E125D85A190042824B /* PBXContainerItemProxy */ = {
			isa = PBXContainerItemProxy;
			containerPortal = 94DCE4C225D85A140042824B /* Project object */;
			proxyType = 1;
			remoteGlobalIDString = 94DCE4C925D85A140042824B;
			remoteInfo = "UITable View Demo";
		};
		94DCE4EC25D85A190042824B /* PBXContainerItemProxy */ = {
			isa = PBXContainerItemProxy;
			containerPortal = 94DCE4C225D85A140042824B /* Project object */;
			proxyType = 1;
			remoteGlobalIDString = 94DCE4C925D85A140042824B;
			remoteInfo = "UITable View Demo";
		};
/* End PBXContainerItemProxy section */

/* Begin PBXFileReference section */
		94DCE4CA25D85A140042824B /* UITable View Demo.app */ = {isa = PBXFileReference; explicitFileType = wrapper.application; includeInIndex = 0; path = "UITable View Demo.app"; sourceTree = BUILT_PRODUCTS_DIR; };
		94DCE4CD25D85A140042824B /* AppDelegate.swift */ = {isa = PBXFileReference; lastKnownFileType = sourcecode.swift; path = AppDelegate.swift; sourceTree = "<group>"; };
		94DCE4CF25D85A140042824B /* SceneDelegate.swift */ = {isa = PBXFileReference; lastKnownFileType = sourcecode.swift; path = SceneDelegate.swift; sourceTree = "<group>"; };
		94DCE4D125D85A140042824B /* ViewController.swift */ = {isa = PBXFileReference; lastKnownFileType = sourcecode.swift; path = ViewController.swift; sourceTree = "<group>"; };
		94DCE4D425D85A140042824B /* Base */ = {isa = PBXFileReference; lastKnownFileType = file.storyboard; name = Base; path = Base.lproj/Main.storyboard; sourceTree = "<group>"; };
		94DCE4D625D85A190042824B /* Assets.xcassets */ = {isa = PBXFileReference; lastKnownFileType = folder.assetcatalog; path = Assets.xcassets; sourceTree = "<group>"; };
		94DCE4D925D85A190042824B /* Base */ = {isa = PBXFileReference; lastKnownFileType = file.storyboard; name = Base; path = Base.lproj/LaunchScreen.storyboard; sourceTree = "<group>"; };
		94DCE4DB25D85A190042824B /* Info.plist */ = {isa = PBXFileReference; lastKnownFileType = text.plist.xml; path = Info.plist; sourceTree = "<group>"; };
		94DCE4E025D85A190042824B /* UITable View DemoTests.xctest */ = {isa = PBXFileReference; explicitFileType = wrapper.cfbundle; includeInIndex = 0; path = "UITable View DemoTests.xctest"; sourceTree = BUILT_PRODUCTS_DIR; };
		94DCE4E425D85A190042824B /* UITable_View_DemoTests.swift */ = {isa = PBXFileReference; lastKnownFileType = sourcecode.swift; path = UITable_View_DemoTests.swift; sourceTree = "<group>"; };
		94DCE4E625D85A190042824B /* Info.plist */ = {isa = PBXFileReference; lastKnownFileType = text.plist.xml; path = Info.plist; sourceTree = "<group>"; };
		94DCE4EB25D85A190042824B /* UITable View DemoUITests.xctest */ = {isa = PBXFileReference; explicitFileType = wrapper.cfbundle; includeInIndex = 0; path = "UITable View DemoUITests.xctest"; sourceTree = BUILT_PRODUCTS_DIR; };
		94DCE4EF25D85A190042824B /* UITable_View_DemoUITests.swift */ = {isa = PBXFileReference; lastKnownFileType = sourcecode.swift; path = UITable_View_DemoUITests.swift; sourceTree = "<group>"; };
		94DCE4F125D85A190042824B /* Info.plist */ = {isa = PBXFileReference; lastKnownFileType = text.plist.xml; path = Info.plist; sourceTree = "<group>"; };
/* End PBXFileReference section */

/* Begin PBXFrameworksBuildPhase section */
		94DCE4C725D85A140042824B /* Frameworks */ = {
			isa = PBXFrameworksBuildPhase;
			buildActionMask = 2147483647;
			files = (
			);
			runOnlyForDeploymentPostprocessing = 0;
		};
		94DCE4DD25D85A190042824B /* Frameworks */ = {
			isa = PBXFrameworksBuildPhase;
			buildActionMask = 2147483647;
			files = (
			);
			runOnlyForDeploymentPostprocessing = 0;
		};
		94DCE4E825D85A190042824B /* Frameworks */ = {
			isa = PBXFrameworksBuildPhase;
			buildActionMask = 2147483647;
			files = (
			);
			runOnlyForDeploymentPostprocessing = 0;
		};
/* End PBXFrameworksBuildPhase section */

/* Begin PBXGroup section */
		94DCE4C125D85A140042824B = {
			isa = PBXGroup;
			children = (
				94DCE4CC25D85A140042824B /* UITable View Demo */,
				94DCE4E325D85A190042824B /* UITable View DemoTests */,
				94DCE4EE25D85A190042824B /* UITable View DemoUITests */,
				94DCE4CB25D85A140042824B /* Products */,
			);
			sourceTree = "<group>";
		};
		94DCE4CB25D85A140042824B /* Products */ = {
			isa = PBXGroup;
			children = (
				94DCE4CA25D85A140042824B /* UITable View Demo.app */,
				94DCE4E025D85A190042824B /* UITable View DemoTests.xctest */,
				94DCE4EB25D85A190042824B /* UITable View DemoUITests.xctest */,
			);
			name = Products;
			sourceTree = "<group>";
		};
		94DCE4CC25D85A140042824B /* UITable View Demo */ = {
			isa = PBXGroup;
			children = (
				94DCE4CD25D85A140042824B /* AppDelegate.swift */,
				94DCE4CF25D85A140042824B /* SceneDelegate.swift */,
				94DCE4D125D85A140042824B /* ViewController.swift */,
				94DCE4D325D85A140042824B /* Main.storyboard */,
				94DCE4D625D85A190042824B /* Assets.xcassets */,
				94DCE4D825D85A190042824B /* LaunchScreen.storyboard */,
				94DCE4DB25D85A190042824B /* Info.plist */,
			);
			path = "UITable View Demo";
			sourceTree = "<group>";
		};
		94DCE4E325D85A190042824B /* UITable View DemoTests */ = {
			isa = PBXGroup;
			children = (
				94DCE4E425D85A190042824B /* UITable_View_DemoTests.swift */,
				94DCE4E625D85A190042824B /* Info.plist */,
			);
			path = "UITable View DemoTests";
			sourceTree = "<group>";
		};
		94DCE4EE25D85A190042824B /* UITable View DemoUITests */ = {
			isa = PBXGroup;
			children = (
				94DCE4EF25D85A190042824B /* UITable_View_DemoUITests.swift */,
				94DCE4F125D85A190042824B /* Info.plist */,
			);
			path = "UITable View DemoUITests";
			sourceTree = "<group>";
		};
/* End PBXGroup section */

/* Begin PBXNativeTarget section */
		94DCE4C925D85A140042824B /* UITable View Demo */ = {
			isa = PBXNativeTarget;
			buildConfigurationList = 94DCE4F425D85A190042824B /* Build configuration list for PBXNativeTarget "UITable View Demo" */;
			buildPhases = (
				94DCE4C625D85A140042824B /* Sources */,
				94DCE4C725D85A140042824B /* Frameworks */,
				94DCE4C825D85A140042824B /* Resources */,
			);
			buildRules = (
			);
			dependencies = (
			);
			name = "UITable View Demo";
			productName = "UITable View Demo";
			productReference = 94DCE4CA25D85A140042824B /* UITable View Demo.app */;
			productType = "com.apple.product-type.application";
		};
		94DCE4DF25D85A190042824B /* UITable View DemoTests */ = {
			isa = PBXNativeTarget;
			buildConfigurationList = 94DCE4F725D85A190042824B /* Build configuration list for PBXNativeTarget "UITable View DemoTests" */;
			buildPhases = (
				94DCE4DC25D85A190042824B /* Sources */,
				94DCE4DD25D85A190042824B /* Frameworks */,
				94DCE4DE25D85A190042824B /* Resources */,
			);
			buildRules = (
			);
			dependencies = (
				94DCE4E225D85A190042824B /* PBXTargetDependency */,
			);
			name = "UITable View DemoTests";
			productName = "UITable View DemoTests";
			productReference = 94DCE4E025D85A190042824B /* UITable View DemoTests.xctest */;
			productType = "com.apple.product-type.bundle.unit-test";
		};
		94DCE4EA25D85A190042824B /* UITable View DemoUITests */ = {
			isa = PBXNativeTarget;
			buildConfigurationList = 94DCE4FA25D85A190042824B /* Build configuration list for PBXNativeTarget "UITable View DemoUITests" */;
			buildPhases = (
				94DCE4E725D85A190042824B /* Sources */,
				94DCE4E825D85A190042824B /* Frameworks */,
				94DCE4E925D85A190042824B /* Resources */,
			);
			buildRules = (
			);
			dependencies = (
				94DCE4ED25D85A190042824B /* PBXTargetDependency */,
			);
			name = "UITable View DemoUITests";
			productName = "UITable View DemoUITests";
			productReference = 94DCE4EB25D85A190042824B /* UITable View DemoUITests.xctest */;
			productType = "com.apple.product-type.bundle.ui-testing";
		};
/* End PBXNativeTarget section */

/* Begin PBXProject section */
		94DCE4C225D85A140042824B /* Project object */ = {
			isa = PBXProject;
			attributes = {
				LastSwiftUpdateCheck = 1170;
				LastUpgradeCheck = 1170;
				ORGANIZATIONNAME = SubbaLakshmi;
				TargetAttributes = {
					94DCE4C925D85A140042824B = {
						CreatedOnToolsVersion = 11.7;
					};
					94DCE4DF25D85A190042824B = {
						CreatedOnToolsVersion = 11.7;
						TestTargetID = 94DCE4C925D85A140042824B;
					};
					94DCE4EA25D85A190042824B = {
						CreatedOnToolsVersion = 11.7;
						TestTargetID = 94DCE4C925D85A140042824B;
					};
				};
			};
			buildConfigurationList = 94DCE4C525D85A140042824B /* Build configuration list for PBXProject "UITable View Demo" */;
			compatibilityVersion = "Xcode 9.3";
			developmentRegion = en;
			hasScannedForEncodings = 0;
			knownRegions = (
				en,
				Base,
			);
			mainGroup = 94DCE4C125D85A140042824B;
			productRefGroup = 94DCE4CB25D85A140042824B /* Products */;
			projectDirPath = "";
			projectRoot = "";
			targets = (
				94DCE4C925D85A140042824B /* UITable View Demo */,
				94DCE4DF25D85A190042824B /* UITable View DemoTests */,
				94DCE4EA25D85A190042824B /* UITable View DemoUITests */,
			);
		};
/* End PBXProject section */

/* Begin PBXResourcesBuildPhase section */
		94DCE4C825D85A140042824B /* Resources */ = {
			isa = PBXResourcesBuildPhase;
			buildActionMask = 2147483647;
			files = (
				94DCE4DA25D85A190042824B /* LaunchScreen.storyboard in Resources */,
				94DCE4D725D85A190042824B /* Assets.xcassets in Resources */,
				94DCE4D525D85A140042824B /* Main.storyboard in Resources */,
			);
			runOnlyForDeploymentPostprocessing = 0;
		};
		94DCE4DE25D85A190042824B /* Resources */ = {
			isa = PBXResourcesBuildPhase;
			buildActionMask = 2147483647;
			files = (
			);
			runOnlyForDeploymentPostprocessing = 0;
		};
		94DCE4E925D85A190042824B /* Resources */ = {
			isa = PBXResourcesBuildPhase;
			buildActionMask = 2147483647;
			files = (
			);
			runOnlyForDeploymentPostprocessing = 0;
		};
/* End PBXResourcesBuildPhase section */

/* Begin PBXSourcesBuildPhase section */
		94DCE4C625D85A140042824B /* Sources */ = {
			isa = PBXSourcesBuildPhase;
			buildActionMask = 2147483647;
			files = (
				94DCE4D225D85A140042824B /* ViewController.swift in Sources */,
				94DCE4CE25D85A140042824B /* AppDelegate.swift in Sources */,
				94DCE4D025D85A140042824B /* SceneDelegate.swift in Sources */,
			);
			runOnlyForDeploymentPostprocessing = 0;
		};
		94DCE4DC25D85A190042824B /* Sources */ = {
			isa = PBXSourcesBuildPhase;
			buildActionMask = 2147483647;
			files = (
				94DCE4E525D85A190042824B /* UITable_View_DemoTests.swift in Sources */,
			);
			runOnlyForDeploymentPostprocessing = 0;
		};
		94DCE4E725D85A190042824B /* Sources */ = {
			isa = PBXSourcesBuildPhase;
			buildActionMask = 2147483647;
			files = (
				94DCE4F025D85A190042824B /* UITable_View_DemoUITests.swift in Sources */,
			);
			runOnlyForDeploymentPostprocessing = 0;
		};
/* End PBXSourcesBuildPhase section */

/* Begin PBXTargetDependency section */
		94DCE4E225D85A190042824B /* PBXTargetDependency */ = {
			isa = PBXTargetDependency;
			target = 94DCE4C925D85A140042824B /* UITable View Demo */;
			targetProxy = 94DCE4E125D85A190042824B /* PBXContainerItemProxy */;
		};
		94DCE4ED25D85A190042824B /* PBXTargetDependency */ = {
			isa = PBXTargetDependency;
			target = 94DCE4C925D85A140042824B /* UITable View Demo */;
			targetProxy = 94DCE4EC25D85A190042824B /* PBXContainerItemProxy */;
		};
/* End PBXTargetDependency section */

/* Begin PBXVariantGroup section */
		94DCE4D325D85A140042824B /* Main.storyboard */ = {
			isa = PBXVariantGroup;
			children = (
				94DCE4D425D85A140042824B /* Base */,
			);
			name = Main.storyboard;
			sourceTree = "<group>";
		};
		94DCE4D825D85A190042824B /* LaunchScreen.storyboard */ = {
			isa = PBXVariantGroup;
			children = (
				94DCE4D925D85A190042824B /* Base */,
			);
			name = LaunchScreen.storyboard;
			sourceTree = "<group>";
		};
/* End PBXVariantGroup section */

/* Begin XCBuildConfiguration section */
		94DCE4F225D85A190042824B /* Debug */ = {
			isa = XCBuildConfiguration;
			buildSettings = {
				ALWAYS_SEARCH_USER_PATHS = NO;
				CLANG_ANALYZER_NONNULL = YES;
				CLANG_ANALYZER_NUMBER_OBJECT_CONVERSION = YES_AGGRESSIVE;
				CLANG_CXX_LANGUAGE_STANDARD = "gnu++14";
				CLANG_CXX_LIBRARY = "libc++";
				CLANG_ENABLE_MODULES = YES;
				CLANG_ENABLE_OBJC_ARC = YES;
				CLANG_ENABLE_OBJC_WEAK = YES;
				CLANG_WARN_BLOCK_CAPTURE_AUTORELEASING = YES;
				CLANG_WARN_BOOL_CONVERSION = YES;
				CLANG_WARN_COMMA = YES;
				CLANG_WARN_CONSTANT_CONVERSION = YES;
				CLANG_WARN_DEPRECATED_OBJC_IMPLEMENTATIONS = YES;
				CLANG_WARN_DIRECT_OBJC_ISA_USAGE = YES_ERROR;
				CLANG_WARN_DOCUMENTATION_COMMENTS = YES;
				CLANG_WARN_EMPTY_BODY = YES;
				CLANG_WARN_ENUM_CONVERSION = YES;
				CLANG_WARN_INFINITE_RECURSION = YES;
				CLANG_WARN_INT_CONVERSION = YES;
				CLANG_WARN_NON_LITERAL_NULL_CONVERSION = YES;
				CLANG_WARN_OBJC_IMPLICIT_RETAIN_SELF = YES;
				CLANG_WARN_OBJC_LITERAL_CONVERSION = YES;
				CLANG_WARN_OBJC_ROOT_CLASS = YES_ERROR;
				CLANG_WARN_RANGE_LOOP_ANALYSIS = YES;
				CLANG_WARN_STRICT_PROTOTYPES = YES;
				CLANG_WARN_SUSPICIOUS_MOVE = YES;
				CLANG_WARN_UNGUARDED_AVAILABILITY = YES_AGGRESSIVE;
				CLANG_WARN_UNREACHABLE_CODE = YES;
				CLANG_WARN__DUPLICATE_METHOD_MATCH = YES;
				COPY_PHASE_STRIP = NO;
				DEBUG_INFORMATION_FORMAT = dwarf;
				ENABLE_STRICT_OBJC_MSGSEND = YES;
				ENABLE_TESTABILITY = YES;
				GCC_C_LANGUAGE_STANDARD = gnu11;
				GCC_DYNAMIC_NO_PIC = NO;
				GCC_NO_COMMON_BLOCKS = YES;
				GCC_OPTIMIZATION_LEVEL = 0;
				GCC_PREPROCESSOR_DEFINITIONS = (
					"DEBUG=1",
					"$(inherited)",
				);
				GCC_WARN_64_TO_32_BIT_CONVERSION = YES;
				GCC_WARN_ABOUT_RETURN_TYPE = YES_ERROR;
				GCC_WARN_UNDECLARED_SELECTOR = YES;
				GCC_WARN_UNINITIALIZED_AUTOS = YES_AGGRESSIVE;
				GCC_WARN_UNUSED_FUNCTION = YES;
				GCC_WARN_UNUSED_VARIABLE = YES;
				IPHONEOS_DEPLOYMENT_TARGET = 13.7;
				MTL_ENABLE_DEBUG_INFO = INCLUDE_SOURCE;
				MTL_FAST_MATH = YES;
				ONLY_ACTIVE_ARCH = YES;
				SDKROOT = iphoneos;
				SWIFT_ACTIVE_COMPILATION_CONDITIONS = DEBUG;
				SWIFT_OPTIMIZATION_LEVEL = "-Onone";
			};
			name = Debug;
		};
		94DCE4F325D85A190042824B /* Release */ = {
			isa = XCBuildConfiguration;
			buildSettings = {
				ALWAYS_SEARCH_USER_PATHS = NO;
				CLANG_ANALYZER_NONNULL = YES;
				CLANG_ANALYZER_NUMBER_OBJECT_CONVERSION = YES_AGGRESSIVE;
				CLANG_CXX_LANGUAGE_STANDARD = "gnu++14";
				CLANG_CXX_LIBRARY = "libc++";
				CLANG_ENABLE_MODULES = YES;
				CLANG_ENABLE_OBJC_ARC = YES;
				CLANG_ENABLE_OBJC_WEAK = YES;
				CLANG_WARN_BLOCK_CAPTURE_AUTORELEASING = YES;
				CLANG_WARN_BOOL_CONVERSION = YES;
				CLANG_WARN_COMMA = YES;
				CLANG_WARN_CONSTANT_CONVERSION = YES;
				CLANG_WARN_DEPRECATED_OBJC_IMPLEMENTATIONS = YES;
				CLANG_WARN_DIRECT_OBJC_ISA_USAGE = YES_ERROR;
				CLANG_WARN_DOCUMENTATION_COMMENTS = YES;
				CLANG_WARN_EMPTY_BODY = YES;
				CLANG_WARN_ENUM_CONVERSION = YES;
				CLANG_WARN_INFINITE_RECURSION = YES;
				CLANG_WARN_INT_CONVERSION = YES;
				CLANG_WARN_NON_LITERAL_NULL_CONVERSION = YES;
				CLANG_WARN_OBJC_IMPLICIT_RETAIN_SELF = YES;
				CLANG_WARN_OBJC_LITERAL_CONVERSION = YES;
				CLANG_WARN_OBJC_ROOT_CLASS = YES_ERROR;
				CLANG_WARN_RANGE_LOOP_ANALYSIS = YES;
				CLANG_WARN_STRICT_PROTOTYPES = YES;
				CLANG_WARN_SUSPICIOUS_MOVE = YES;
				CLANG_WARN_UNGUARDED_AVAILABILITY = YES_AGGRESSIVE;
				CLANG_WARN_UNREACHABLE_CODE = YES;
				CLANG_WARN__DUPLICATE_METHOD_MATCH = YES;
				COPY_PHASE_STRIP = NO;
				DEBUG_INFORMATION_FORMAT = "dwarf-with-dsym";
				ENABLE_NS_ASSERTIONS = NO;
				ENABLE_STRICT_OBJC_MSGSEND = YES;
				GCC_C_LANGUAGE_STANDARD = gnu11;
				GCC_NO_COMMON_BLOCKS = YES;
				GCC_WARN_64_TO_32_BIT_CONVERSION = YES;
				GCC_WARN_ABOUT_RETURN_TYPE = YES_ERROR;
				GCC_WARN_UNDECLARED_SELECTOR = YES;
				GCC_WARN_UNINITIALIZED_AUTOS = YES_AGGRESSIVE;
				GCC_WARN_UNUSED_FUNCTION = YES;
				GCC_WARN_UNUSED_VARIABLE = YES;
				IPHONEOS_DEPLOYMENT_TARGET = 13.7;
				MTL_ENABLE_DEBUG_INFO = NO;
				MTL_FAST_MATH = YES;
				SDKROOT = iphoneos;
				SWIFT_COMPILATION_MODE = wholemodule;
				SWIFT_OPTIMIZATION_LEVEL = "-O";
				VALIDATE_PRODUCT = YES;
			};
			name = Release;
		};
		94DCE4F525D85A190042824B /* Debug */ = {
			isa = XCBuildConfiguration;
			buildSettings = {
				ASSETCATALOG_COMPILER_APPICON_NAME = AppIcon;
				CODE_SIGN_STYLE = Automatic;
				INFOPLIST_FILE = "UITable View Demo/Info.plist";
				LD_RUNPATH_SEARCH_PATHS = (
					"$(inherited)",
					"@executable_path/Frameworks",
				);
				PRODUCT_BUNDLE_IDENTIFIER = "com.subba.UITable-View-Demo";
				PRODUCT_NAME = "$(TARGET_NAME)";
				SWIFT_VERSION = 5.0;
				TARGETED_DEVICE_FAMILY = "1,2";
			};
			name = Debug;
		};
		94DCE4F625D85A190042824B /* Release */ = {
			isa = XCBuildConfiguration;
			buildSettings = {
				ASSETCATALOG_COMPILER_APPICON_NAME = AppIcon;
				CODE_SIGN_STYLE = Automatic;
				INFOPLIST_FILE = "UITable View Demo/Info.plist";
				LD_RUNPATH_SEARCH_PATHS = (
					"$(inherited)",
					"@executable_path/Frameworks",
				);
				PRODUCT_BUNDLE_IDENTIFIER = "com.subba.UITable-View-Demo";
				PRODUCT_NAME = "$(TARGET_NAME)";
				SWIFT_VERSION = 5.0;
				TARGETED_DEVICE_FAMILY = "1,2";
			};
			name = Release;
		};
		94DCE4F825D85A190042824B /* Debug */ = {
			isa = XCBuildConfiguration;
			buildSettings = {
				ALWAYS_EMBED_SWIFT_STANDARD_LIBRARIES = YES;
				BUNDLE_LOADER = "$(TEST_HOST)";
				CODE_SIGN_STYLE = Automatic;
				INFOPLIST_FILE = "UITable View DemoTests/Info.plist";
				IPHONEOS_DEPLOYMENT_TARGET = 13.7;
				LD_RUNPATH_SEARCH_PATHS = (
					"$(inherited)",
					"@executable_path/Frameworks",
					"@loader_path/Frameworks",
				);
				PRODUCT_BUNDLE_IDENTIFIER = "com.subba.UITable-View-DemoTests";
				PRODUCT_NAME = "$(TARGET_NAME)";
				SWIFT_VERSION = 5.0;
				TARGETED_DEVICE_FAMILY = "1,2";
				TEST_HOST = "$(BUILT_PRODUCTS_DIR)/UITable View Demo.app/UITable View Demo";
			};
			name = Debug;
		};
		94DCE4F925D85A190042824B /* Release */ = {
			isa = XCBuildConfiguration;
			buildSettings = {
				ALWAYS_EMBED_SWIFT_STANDARD_LIBRARIES = YES;
				BUNDLE_LOADER = "$(TEST_HOST)";
				CODE_SIGN_STYLE = Automatic;
				INFOPLIST_FILE = "UITable View DemoTests/Info.plist";
				IPHONEOS_DEPLOYMENT_TARGET = 13.7;
				LD_RUNPATH_SEARCH_PATHS = (
					"$(inherited)",
					"@executable_path/Frameworks",
					"@loader_path/Frameworks",
				);
				PRODUCT_BUNDLE_IDENTIFIER = "com.subba.UITable-View-DemoTests";
				PRODUCT_NAME = "$(TARGET_NAME)";
				SWIFT_VERSION = 5.0;
				TARGETED_DEVICE_FAMILY = "1,2";
				TEST_HOST = "$(BUILT_PRODUCTS_DIR)/UITable View Demo.app/UITable View Demo";
			};
			name = Release;
		};
		94DCE4FB25D85A190042824B /* Debug */ = {
			isa = XCBuildConfiguration;
			buildSettings = {
				ALWAYS_EMBED_SWIFT_STANDARD_LIBRARIES = YES;
				CODE_SIGN_STYLE = Automatic;
				INFOPLIST_FILE = "UITable View DemoUITests/Info.plist";
				LD_RUNPATH_SEARCH_PATHS = (
					"$(inherited)",
					"@executable_path/Frameworks",
					"@loader_path/Frameworks",
				);
				PRODUCT_BUNDLE_IDENTIFIER = "com.subba.UITable-View-DemoUITests";
				PRODUCT_NAME = "$(TARGET_NAME)";
				SWIFT_VERSION = 5.0;
				TARGETED_DEVICE_FAMILY = "1,2";
				TEST_TARGET_NAME = "UITable View Demo";
			};
			name = Debug;
		};
		94DCE4FC25D85A190042824B /* Release */ = {
			isa = XCBuildConfiguration;
			buildSettings = {
				ALWAYS_EMBED_SWIFT_STANDARD_LIBRARIES = YES;
				CODE_SIGN_STYLE = Automatic;
				INFOPLIST_FILE = "UITable View DemoUITests/Info.plist";
				LD_RUNPATH_SEARCH_PATHS = (
					"$(inherited)",
					"@executable_path/Frameworks",
					"@loader_path/Frameworks",
				);
				PRODUCT_BUNDLE_IDENTIFIER = "com.subba.UITable-View-DemoUITests";
				PRODUCT_NAME = "$(TARGET_NAME)";
				SWIFT_VERSION = 5.0;
				TARGETED_DEVICE_FAMILY = "1,2";
				TEST_TARGET_NAME = "UITable View Demo";
			};
			name = Release;
		};
/* End XCBuildConfiguration section */

/* Begin XCConfigurationList section */
		94DCE4C525D85A140042824B /* Build configuration list for PBXProject "UITable View Demo" */ = {
			isa = XCConfigurationList;
			buildConfigurations = (
				94DCE4F225D85A190042824B /* Debug */,
				94DCE4F325D85A190042824B /* Release */,
			);
			defaultConfigurationIsVisible = 0;
			defaultConfigurationName = Release;
		};
		94DCE4F425D85A190042824B /* Build configuration list for PBXNativeTarget "UITable View Demo" */ = {
			isa = XCConfigurationList;
			buildConfigurations = (
				94DCE4F525D85A190042824B /* Debug */,
				94DCE4F625D85A190042824B /* Release */,
			);
			defaultConfigurationIsVisible = 0;
			defaultConfigurationName = Release;
		};
		94DCE4F725D85A190042824B /* Build configuration list for PBXNativeTarget "UITable View DemoTests" */ = {
			isa = XCConfigurationList;
			buildConfigurations = (
				94DCE4F825D85A190042824B /* Debug */,
				94DCE4F925D85A190042824B /* Release */,
			);
			defaultConfigurationIsVisible = 0;
			defaultConfigurationName = Release;
		};
		94DCE4FA25D85A190042824B /* Build configuration list for PBXNativeTarget "UITable View DemoUITests" */ = {
			isa = XCConfigurationList;
			buildConfigurations = (
				94DCE4FB25D85A190042824B /* Debug */,
				94DCE4FC25D85A190042824B /* Release */,
			);
			defaultConfigurationIsVisible = 0;
			defaultConfigurationName = Release;
		};
/* End XCConfigurationList section */
	};
	rootObject = 94DCE4C225D85A140042824B /* Project object */;
}
